
Microsoft Visual Studio Solution File, Format Version 12.00
# Visual Studio Version 17
VisualStudioVersion = 17.0.32112.339
MinimumVisualStudioVersion = 10.0.40219.1
Project("{FAE04EC0-301F-11D3-BF4B-00C04F79EFBC}") = "WiredBrainCoffe.StorageApp", "WiredBrainCoffe.StorageApp\WiredBrainCoffe.StorageApp.csproj", "{0E7383DF-9B01-427D-A3D7-352685AE5D13}"
EndProject
Global
	GlobalSection(SolutionConfigurationPlatforms) = preSolution
		Debug|Any CPU = Debug|Any CPU
		Release|Any CPU = Release|Any CPU
	EndGlobalSection
	GlobalSection(ProjectConfigurationPlatforms) = postSolution
		{0E7383DF-9B01-427D-A3D7-352685AE5D13}.Debug|Any CPU.ActiveCfg = Debug|Any CPU
		{0E7383DF-9B01-427D-A3D7-352685AE5D13}.Debug|Any CPU.Build.0 = Debug|Any CPU
		{0E7383DF-9B01-427D-A3D7-352685AE5D13}.Release|Any CPU.ActiveCfg = Release|Any CPU
		{0E7383DF-9B01-427D-A3D7-352685AE5D13}.Release|Any CPU.Build.0 = Release|Any CPU
	EndGlobalSection
	GlobalSection(SolutionProperties) = preSolution
		HideSolutionNode = FALSE
	EndGlobalSection
	GlobalSection(ExtensibilityGlobals) = postSolution
		SolutionGuid = {4784F70E-BA00-4391-8767-0922B3A0D065}
	EndGlobalSection
EndGlobal
